
Microsoft Visual Studio Solution File, Format Version 12.00
# Visual Studio 14
VisualStudioVersion = 14.0.25420.1
MinimumVisualStudioVersion = 10.0.40219.1
Project("{FAE04EC0-301F-11D3-BF4B-00C04F79EFBC}") = "XamarinFormsBindingViewModel.Droid", "XamarinFormsBindingViewModel\XamarinFormsBindingViewModel.Droid\XamarinFormsBindingViewModel.Droid.csproj", "{3AC89549-4ACB-4345-B4FB-78216E6DC269}"
EndProject
Project("{FAE04EC0-301F-11D3-BF4B-00C04F79EFBC}") = "XamarinFormsBindingViewModel.iOS", "XamarinFormsBindingViewModel\XamarinFormsBindingViewModel.iOS\XamarinFormsBindingViewModel.iOS.csproj", "{33FAD623-BDAA-4522-81A9-EB552FE86840}"
EndProject
Project("{FAE04EC0-301F-11D3-BF4B-00C04F79EFBC}") = "XamarinFormsBindingViewModel.WinPhone", "XamarinFormsBindingViewModel\XamarinFormsBindingViewModel.WinPhone\XamarinFormsBindingViewModel.WinPhone.csproj", "{0FA43DEE-EF76-422C-9F65-EF1E254BCFA0}"
EndProject
Project("{FAE04EC0-301F-11D3-BF4B-00C04F79EFBC}") = "XamarinFormsBindingViewModel.UWP", "XamarinFormsBindingViewModel\XamarinFormsBindingViewModel.UWP\XamarinFormsBindingViewModel.UWP.csproj", "{B70824AA-F611-43F9-93E5-64EAA8440A70}"
EndProject
Project("{FAE04EC0-301F-11D3-BF4B-00C04F79EFBC}") = "XamarinFormsBindingViewModel.Windows", "XamarinFormsBindingViewModel\XamarinFormsBindingViewModel.Windows\XamarinFormsBindingViewModel.Windows.csproj", "{111CF970-0029-46FA-B2F6-55762400B9A5}"
EndProject
Project("{FAE04EC0-301F-11D3-BF4B-00C04F79EFBC}") = "XamarinFormsBindingViewModel", "XamarinFormsBindingViewModel\XamarinFormsBindingViewModel\XamarinFormsBindingViewModel.csproj", "{5D86895E-0BC2-40E7-9906-5898CB8F05FC}"
EndProject
Global
	GlobalSection(SolutionConfigurationPlatforms) = preSolution
		Ad-Hoc|Any CPU = Ad-Hoc|Any CPU
		Ad-Hoc|ARM = Ad-Hoc|ARM
		Ad-Hoc|iPhone = Ad-Hoc|iPhone
		Ad-Hoc|iPhoneSimulator = Ad-Hoc|iPhoneSimulator
		Ad-Hoc|x64 = Ad-Hoc|x64
		Ad-Hoc|x86 = Ad-Hoc|x86
		AppStore|Any CPU = AppStore|Any CPU
		AppStore|ARM = AppStore|ARM
		AppStore|iPhone = AppStore|iPhone
		AppStore|iPhoneSimulator = AppStore|iPhoneSimulator
		AppStore|x64 = AppStore|x64
		AppStore|x86 = AppStore|x86
		Debug|Any CPU = Debug|Any CPU
		Debug|ARM = Debug|ARM
		Debug|iPhone = Debug|iPhone
		Debug|iPhoneSimulator = Debug|iPhoneSimulator
		Debug|x64 = Debug|x64
		Debug|x86 = Debug|x86
		Release|Any CPU = Release|Any CPU
		Release|ARM = Release|ARM
		Release|iPhone = Release|iPhone
		Release|iPhoneSimulator = Release|iPhoneSimulator
		Release|x64 = Release|x64
		Release|x86 = Release|x86
	EndGlobalSection
	GlobalSection(ProjectConfigurationPlatforms) = postSolution
		{3AC89549-4ACB-4345-B4FB-78216E6DC269}.Ad-Hoc|Any CPU.ActiveCfg = Release|Any CPU
		{3AC89549-4ACB-4345-B4FB-78216E6DC269}.Ad-Hoc|Any CPU.Build.0 = Release|Any CPU
		{3AC89549-4ACB-4345-B4FB-78216E6DC269}.Ad-Hoc|Any CPU.Deploy.0 = Release|Any CPU
		{3AC89549-4ACB-4345-B4FB-78216E6DC269}.Ad-Hoc|ARM.ActiveCfg = Release|Any CPU
		{3AC89549-4ACB-4345-B4FB-78216E6DC269}.Ad-Hoc|ARM.Build.0 = Release|Any CPU
		{3AC89549-4ACB-4345-B4FB-78216E6DC269}.Ad-Hoc|ARM.Deploy.0 = Release|Any CPU
		{3AC89549-4ACB-4345-B4FB-78216E6DC269}.Ad-Hoc|iPhone.ActiveCfg = Release|Any CPU
		{3AC89549-4ACB-4345-B4FB-78216E6DC269}.Ad-Hoc|iPhone.Build.0 = Release|Any CPU
		{3AC89549-4ACB-4345-B4FB-78216E6DC269}.Ad-Hoc|iPhone.Deploy.0 = Release|Any CPU
		{3AC89549-4ACB-4345-B4FB-78216E6DC269}.Ad-Hoc|iPhoneSimulator.ActiveCfg = Release|Any CPU
		{3AC89549-4ACB-4345-B4FB-78216E6DC269}.Ad-Hoc|iPhoneSimulator.Build.0 = Release|Any CPU
		{3AC89549-4ACB-4345-B4FB-78216E6DC269}.Ad-Hoc|iPhoneSimulator.Deploy.0 = Release|Any CPU
		{3AC89549-4ACB-4345-B4FB-78216E6DC269}.Ad-Hoc|x64.ActiveCfg = Release|Any CPU
		{3AC89549-4ACB-4345-B4FB-78216E6DC269}.Ad-Hoc|x64.Build.0 = Release|Any CPU
		{3AC89549-4ACB-4345-B4FB-78216E6DC269}.Ad-Hoc|x64.Deploy.0 = Release|Any CPU
		{3AC89549-4ACB-4345-B4FB-78216E6DC269}.Ad-Hoc|x86.ActiveCfg = Release|Any CPU
		{3AC89549-4ACB-4345-B4FB-78216E6DC269}.Ad-Hoc|x86.Build.0 = Release|Any CPU
		{3AC89549-4ACB-4345-B4FB-78216E6DC269}.Ad-Hoc|x86.Deploy.0 = Release|Any CPU
		{3AC89549-4ACB-4345-B4FB-78216E6DC269}.AppStore|Any CPU.ActiveCfg = Release|Any CPU
		{3AC89549-4ACB-4345-B4FB-78216E6DC269}.AppStore|Any CPU.Build.0 = Release|Any CPU
		{3AC89549-4ACB-4345-B4FB-78216E6DC269}.AppStore|Any CPU.Deploy.0 = Release|Any CPU
		{3AC89549-4ACB-4345-B4FB-78216E6DC269}.AppStore|ARM.ActiveCfg = Release|Any CPU
		{3AC89549-4ACB-4345-B4FB-78216E6DC269}.AppStore|ARM.Build.0 = Release|Any CPU
		{3AC89549-4ACB-4345-B4FB-78216E6DC269}.AppStore|ARM.Deploy.0 = Release|Any CPU
		{3AC89549-4ACB-4345-B4FB-78216E6DC269}.AppStore|iPhone.ActiveCfg = Release|Any CPU
		{3AC89549-4ACB-4345-B4FB-78216E6DC269}.AppStore|iPhone.Build.0 = Release|Any CPU
		{3AC89549-4ACB-4345-B4FB-78216E6DC269}.AppStore|iPhone.Deploy.0 = Release|Any CPU
		{3AC89549-4ACB-4345-B4FB-78216E6DC269}.AppStore|iPhoneSimulator.ActiveCfg = Release|Any CPU
		{3AC89549-4ACB-4345-B4FB-78216E6DC269}.AppStore|iPhoneSimulator.Build.0 = Release|Any CPU
		{3AC89549-4ACB-4345-B4FB-78216E6DC269}.AppStore|iPhoneSimulator.Deploy.0 = Release|Any CPU
		{3AC89549-4ACB-4345-B4FB-78216E6DC269}.AppStore|x64.ActiveCfg = Release|Any CPU
		{3AC89549-4ACB-4345-B4FB-78216E6DC269}.AppStore|x64.Build.0 = Release|Any CPU
		{3AC89549-4ACB-4345-B4FB-78216E6DC269}.AppStore|x64.Deploy.0 = Release|Any CPU
		{3AC89549-4ACB-4345-B4FB-78216E6DC269}.AppStore|x86.ActiveCfg = Release|Any CPU
		{3AC89549-4ACB-4345-B4FB-78216E6DC269}.AppStore|x86.Build.0 = Release|Any CPU
		{3AC89549-4ACB-4345-B4FB-78216E6DC269}.AppStore|x86.Deploy.0 = Release|Any CPU
		{3AC89549-4ACB-4345-B4FB-78216E6DC269}.Debug|Any CPU.ActiveCfg = Debug|Any CPU
		{3AC89549-4ACB-4345-B4FB-78216E6DC269}.Debug|Any CPU.Build.0 = Debug|Any CPU
		{3AC89549-4ACB-4345-B4FB-78216E6DC269}.Debug|Any CPU.Deploy.0 = Debug|Any CPU
		{3AC89549-4ACB-4345-B4FB-78216E6DC269}.Debug|ARM.ActiveCfg = Debug|Any CPU
		{3AC89549-4ACB-4345-B4FB-78216E6DC269}.Debug|ARM.Build.0 = Debug|Any CPU
		{3AC89549-4ACB-4345-B4FB-78216E6DC269}.Debug|ARM.Deploy.0 = Debug|Any CPU
		{3AC89549-4ACB-4345-B4FB-78216E6DC269}.Debug|iPhone.ActiveCfg = Debug|Any CPU
		{3AC89549-4ACB-4345-B4FB-78216E6DC269}.Debug|iPhone.Build.0 = Debug|Any CPU
		{3AC89549-4ACB-4345-B4FB-78216E6DC269}.Debug|iPhone.Deploy.0 = Debug|Any CPU
		{3AC89549-4ACB-4345-B4FB-78216E6DC269}.Debug|iPhoneSimulator.ActiveCfg = Debug|Any CPU
		{3AC89549-4ACB-4345-B4FB-78216E6DC269}.Debug|iPhoneSimulator.Build.0 = Debug|Any CPU
		{3AC89549-4ACB-4345-B4FB-78216E6DC269}.Debug|iPhoneSimulator.Deploy.0 = Debug|Any CPU
		{3AC89549-4ACB-4345-B4FB-78216E6DC269}.Debug|x64.ActiveCfg = Debug|Any CPU
		{3AC89549-4ACB-4345-B4FB-78216E6DC269}.Debug|x64.Build.0 = Debug|Any CPU
		{3AC89549-4ACB-4345-B4FB-78216E6DC269}.Debug|x64.Deploy.0 = Debug|Any CPU
		{3AC89549-4ACB-4345-B4FB-78216E6DC269}.Debug|x86.ActiveCfg = Debug|Any CPU
		{3AC89549-4ACB-4345-B4FB-78216E6DC269}.Debug|x86.Build.0 = Debug|Any CPU
		{3AC89549-4ACB-4345-B4FB-78216E6DC269}.Debug|x86.Deploy.0 = Debug|Any CPU
		{3AC89549-4ACB-4345-B4FB-78216E6DC269}.Release|Any CPU.ActiveCfg = Release|Any CPU
		{3AC89549-4ACB-4345-B4FB-78216E6DC269}.Release|Any CPU.Build.0 = Release|Any CPU
		{3AC89549-4ACB-4345-B4FB-78216E6DC269}.Release|Any CPU.Deploy.0 = Release|Any CPU
		{3AC89549-4ACB-4345-B4FB-78216E6DC269}.Release|ARM.ActiveCfg = Release|Any CPU
		{3AC89549-4ACB-4345-B4FB-78216E6DC269}.Release|ARM.Build.0 = Release|Any CPU
		{3AC89549-4ACB-4345-B4FB-78216E6DC269}.Release|ARM.Deploy.0 = Release|Any CPU
		{3AC89549-4ACB-4345-B4FB-78216E6DC269}.Release|iPhone.ActiveCfg = Release|Any CPU
		{3AC89549-4ACB-4345-B4FB-78216E6DC269}.Release|iPhone.Build.0 = Release|Any CPU
		{3AC89549-4ACB-4345-B4FB-78216E6DC269}.Release|iPhone.Deploy.0 = Release|Any CPU
		{3AC89549-4ACB-4345-B4FB-78216E6DC269}.Release|iPhoneSimulator.ActiveCfg = Release|Any CPU
		{3AC89549-4ACB-4345-B4FB-78216E6DC269}.Release|iPhoneSimulator.Build.0 = Release|Any CPU
		{3AC89549-4ACB-4345-B4FB-78216E6DC269}.Release|iPhoneSimulator.Deploy.0 = Release|Any CPU
		{3AC89549-4ACB-4345-B4FB-78216E6DC269}.Release|x64.ActiveCfg = Release|Any CPU
		{3AC89549-4ACB-4345-B4FB-78216E6DC269}.Release|x64.Build.0 = Release|Any CPU
		{3AC89549-4ACB-4345-B4FB-78216E6DC269}.Release|x64.Deploy.0 = Release|Any CPU
		{3AC89549-4ACB-4345-B4FB-78216E6DC269}.Release|x86.ActiveCfg = Release|Any CPU
		{3AC89549-4ACB-4345-B4FB-78216E6DC269}.Release|x86.Build.0 = Release|Any CPU
		{3AC89549-4ACB-4345-B4FB-78216E6DC269}.Release|x86.Deploy.0 = Release|Any CPU
		{33FAD623-BDAA-4522-81A9-EB552FE86840}.Ad-Hoc|Any CPU.ActiveCfg = Ad-Hoc|iPhone
		{33FAD623-BDAA-4522-81A9-EB552FE86840}.Ad-Hoc|ARM.ActiveCfg = Ad-Hoc|iPhone
		{33FAD623-BDAA-4522-81A9-EB552FE86840}.Ad-Hoc|iPhone.ActiveCfg = Ad-Hoc|iPhone
		{33FAD623-BDAA-4522-81A9-EB552FE86840}.Ad-Hoc|iPhone.Build.0 = Ad-Hoc|iPhone
		{33FAD623-BDAA-4522-81A9-EB552FE86840}.Ad-Hoc|iPhoneSimulator.ActiveCfg = Ad-Hoc|iPhoneSimulator
		{33FAD623-BDAA-4522-81A9-EB552FE86840}.Ad-Hoc|iPhoneSimulator.Build.0 = Ad-Hoc|iPhoneSimulator
		{33FAD623-BDAA-4522-81A9-EB552FE86840}.Ad-Hoc|x64.ActiveCfg = Ad-Hoc|iPhone
		{33FAD623-BDAA-4522-81A9-EB552FE86840}.Ad-Hoc|x86.ActiveCfg = Ad-Hoc|iPhone
		{33FAD623-BDAA-4522-81A9-EB552FE86840}.AppStore|Any CPU.ActiveCfg = AppStore|iPhone
		{33FAD623-BDAA-4522-81A9-EB552FE86840}.AppStore|ARM.ActiveCfg = AppStore|iPhone
		{33FAD623-BDAA-4522-81A9-EB552FE86840}.AppStore|iPhone.ActiveCfg = AppStore|iPhone
		{33FAD623-BDAA-4522-81A9-EB552FE86840}.AppStore|iPhone.Build.0 = AppStore|iPhone
		{33FAD623-BDAA-4522-81A9-EB552FE86840}.AppStore|iPhoneSimulator.ActiveCfg = AppStore|iPhoneSimulator
		{33FAD623-BDAA-4522-81A9-EB552FE86840}.AppStore|iPhoneSimulator.Build.0 = AppStore|iPhoneSimulator
		{33FAD623-BDAA-4522-81A9-EB552FE86840}.AppStore|x64.ActiveCfg = AppStore|iPhone
		{33FAD623-BDAA-4522-81A9-EB552FE86840}.AppStore|x86.ActiveCfg = AppStore|iPhone
		{33FAD623-BDAA-4522-81A9-EB552FE86840}.Debug|Any CPU.ActiveCfg = Debug|iPhone
		{33FAD623-BDAA-4522-81A9-EB552FE86840}.Debug|ARM.ActiveCfg = Debug|iPhone
		{33FAD623-BDAA-4522-81A9-EB552FE86840}.Debug|iPhone.ActiveCfg = Debug|iPhone
		{33FAD623-BDAA-4522-81A9-EB552FE86840}.Debug|iPhone.Build.0 = Debug|iPhone
		{33FAD623-BDAA-4522-81A9-EB552FE86840}.Debug|iPhoneSimulator.ActiveCfg = Debug|iPhoneSimulator
		{33FAD623-BDAA-4522-81A9-EB552FE86840}.Debug|iPhoneSimulator.Build.0 = Debug|iPhoneSimulator
		{33FAD623-BDAA-4522-81A9-EB552FE86840}.Debug|x64.ActiveCfg = Debug|iPhone
		{33FAD623-BDAA-4522-81A9-EB552FE86840}.Debug|x86.ActiveCfg = Debug|iPhone
		{33FAD623-BDAA-4522-81A9-EB552FE86840}.Release|Any CPU.ActiveCfg = Release|iPhone
		{33FAD623-BDAA-4522-81A9-EB552FE86840}.Release|ARM.ActiveCfg = Release|iPhone
		{33FAD623-BDAA-4522-81A9-EB552FE86840}.Release|iPhone.ActiveCfg = Release|iPhone
		{33FAD623-BDAA-4522-81A9-EB552FE86840}.Release|iPhone.Build.0 = Release|iPhone
		{33FAD623-BDAA-4522-81A9-EB552FE86840}.Release|iPhoneSimulator.ActiveCfg = Release|iPhoneSimulator
		{33FAD623-BDAA-4522-81A9-EB552FE86840}.Release|iPhoneSimulator.Build.0 = Release|iPhoneSimulator
		{33FAD623-BDAA-4522-81A9-EB552FE86840}.Release|x64.ActiveCfg = Release|iPhone
		{33FAD623-BDAA-4522-81A9-EB552FE86840}.Release|x86.ActiveCfg = Release|iPhone
		{0FA43DEE-EF76-422C-9F65-EF1E254BCFA0}.Ad-Hoc|Any CPU.ActiveCfg = Release|Any CPU
		{0FA43DEE-EF76-422C-9F65-EF1E254BCFA0}.Ad-Hoc|Any CPU.Build.0 = Release|Any CPU
		{0FA43DEE-EF76-422C-9F65-EF1E254BCFA0}.Ad-Hoc|Any CPU.Deploy.0 = Release|Any CPU
		{0FA43DEE-EF76-422C-9F65-EF1E254BCFA0}.Ad-Hoc|ARM.ActiveCfg = Release|ARM
		{0FA43DEE-EF76-422C-9F65-EF1E254BCFA0}.Ad-Hoc|ARM.Build.0 = Release|ARM
		{0FA43DEE-EF76-422C-9F65-EF1E254BCFA0}.Ad-Hoc|ARM.Deploy.0 = Release|ARM
		{0FA43DEE-EF76-422C-9F65-EF1E254BCFA0}.Ad-Hoc|iPhone.ActiveCfg = Release|Any CPU
		{0FA43DEE-EF76-422C-9F65-EF1E254BCFA0}.Ad-Hoc|iPhone.Build.0 = Release|Any CPU
		{0FA43DEE-EF76-422C-9F65-EF1E254BCFA0}.Ad-Hoc|iPhone.Deploy.0 = Release|Any CPU
		{0FA43DEE-EF76-422C-9F65-EF1E254BCFA0}.Ad-Hoc|iPhoneSimulator.ActiveCfg = Release|Any CPU
		{0FA43DEE-EF76-422C-9F65-EF1E254BCFA0}.Ad-Hoc|iPhoneSimulator.Build.0 = Release|Any CPU
		{0FA43DEE-EF76-422C-9F65-EF1E254BCFA0}.Ad-Hoc|iPhoneSimulator.Deploy.0 = Release|Any CPU
		{0FA43DEE-EF76-422C-9F65-EF1E254BCFA0}.Ad-Hoc|x64.ActiveCfg = Release|Any CPU
		{0FA43DEE-EF76-422C-9F65-EF1E254BCFA0}.Ad-Hoc|x64.Build.0 = Release|Any CPU
		{0FA43DEE-EF76-422C-9F65-EF1E254BCFA0}.Ad-Hoc|x64.Deploy.0 = Release|Any CPU
		{0FA43DEE-EF76-422C-9F65-EF1E254BCFA0}.Ad-Hoc|x86.ActiveCfg = Release|x86
		{0FA43DEE-EF76-422C-9F65-EF1E254BCFA0}.Ad-Hoc|x86.Build.0 = Release|x86
		{0FA43DEE-EF76-422C-9F65-EF1E254BCFA0}.Ad-Hoc|x86.Deploy.0 = Release|x86
		{0FA43DEE-EF76-422C-9F65-EF1E254BCFA0}.AppStore|Any CPU.ActiveCfg = Release|Any CPU
		{0FA43DEE-EF76-422C-9F65-EF1E254BCFA0}.AppStore|Any CPU.Build.0 = Release|Any CPU
		{0FA43DEE-EF76-422C-9F65-EF1E254BCFA0}.AppStore|Any CPU.Deploy.0 = Release|Any CPU
		{0FA43DEE-EF76-422C-9F65-EF1E254BCFA0}.AppStore|ARM.ActiveCfg = Release|ARM
		{0FA43DEE-EF76-422C-9F65-EF1E254BCFA0}.AppStore|ARM.Build.0 = Release|ARM
		{0FA43DEE-EF76-422C-9F65-EF1E254BCFA0}.AppStore|ARM.Deploy.0 = Release|ARM
		{0FA43DEE-EF76-422C-9F65-EF1E254BCFA0}.AppStore|iPhone.ActiveCfg = Release|Any CPU
		{0FA43DEE-EF76-422C-9F65-EF1E254BCFA0}.AppStore|iPhone.Build.0 = Release|Any CPU
		{0FA43DEE-EF76-422C-9F65-EF1E254BCFA0}.AppStore|iPhone.Deploy.0 = Release|Any CPU
		{0FA43DEE-EF76-422C-9F65-EF1E254BCFA0}.AppStore|iPhoneSimulator.ActiveCfg = Release|Any CPU
		{0FA43DEE-EF76-422C-9F65-EF1E254BCFA0}.AppStore|iPhoneSimulator.Build.0 = Release|Any CPU
		{0FA43DEE-EF76-422C-9F65-EF1E254BCFA0}.AppStore|iPhoneSimulator.Deploy.0 = Release|Any CPU
		{0FA43DEE-EF76-422C-9F65-EF1E254BCFA0}.AppStore|x64.ActiveCfg = Release|Any CPU
		{0FA43DEE-EF76-422C-9F65-EF1E254BCFA0}.AppStore|x64.Build.0 = Release|Any CPU
		{0FA43DEE-EF76-422C-9F65-EF1E254BCFA0}.AppStore|x64.Deploy.0 = Release|Any CPU
		{0FA43DEE-EF76-422C-9F65-EF1E254BCFA0}.AppStore|x86.ActiveCfg = Release|x86
		{0FA43DEE-EF76-422C-9F65-EF1E254BCFA0}.AppStore|x86.Build.0 = Release|x86
		{0FA43DEE-EF76-422C-9F65-EF1E254BCFA0}.AppStore|x86.Deploy.0 = Release|x86
		{0FA43DEE-EF76-422C-9F65-EF1E254BCFA0}.Debug|Any CPU.ActiveCfg = Debug|Any CPU
		{0FA43DEE-EF76-422C-9F65-EF1E254BCFA0}.Debug|Any CPU.Build.0 = Debug|Any CPU
		{0FA43DEE-EF76-422C-9F65-EF1E254BCFA0}.Debug|Any CPU.Deploy.0 = Debug|Any CPU
		{0FA43DEE-EF76-422C-9F65-EF1E254BCFA0}.Debug|ARM.ActiveCfg = Debug|ARM
		{0FA43DEE-EF76-422C-9F65-EF1E254BCFA0}.Debug|ARM.Build.0 = Debug|ARM
		{0FA43DEE-EF76-422C-9F65-EF1E254BCFA0}.Debug|ARM.Deploy.0 = Debug|ARM
		{0FA43DEE-EF76-422C-9F65-EF1E254BCFA0}.Debug|iPhone.ActiveCfg = Debug|Any CPU
		{0FA43DEE-EF76-422C-9F65-EF1E254BCFA0}.Debug|iPhone.Build.0 = Debug|Any CPU
		{0FA43DEE-EF76-422C-9F65-EF1E254BCFA0}.Debug|iPhone.Deploy.0 = Debug|Any CPU
		{0FA43DEE-EF76-422C-9F65-EF1E254BCFA0}.Debug|iPhoneSimulator.ActiveCfg = Debug|Any CPU
		{0FA43DEE-EF76-422C-9F65-EF1E254BCFA0}.Debug|iPhoneSimulator.Build.0 = Debug|Any CPU
		{0FA43DEE-EF76-422C-9F65-EF1E254BCFA0}.Debug|iPhoneSimulator.Deploy.0 = Debug|Any CPU
		{0FA43DEE-EF76-422C-9F65-EF1E254BCFA0}.Debug|x64.ActiveCfg = Debug|Any CPU
		{0FA43DEE-EF76-422C-9F65-EF1E254BCFA0}.Debug|x64.Build.0 = Debug|Any CPU
		{0FA43DEE-EF76-422C-9F65-EF1E254BCFA0}.Debug|x64.Deploy.0 = Debug|Any CPU
		{0FA43DEE-EF76-422C-9F65-EF1E254BCFA0}.Debug|x86.ActiveCfg = Debug|x86
		{0FA43DEE-EF76-422C-9F65-EF1E254BCFA0}.Debug|x86.Build.0 = Debug|x86
		{0FA43DEE-EF76-422C-9F65-EF1E254BCFA0}.Debug|x86.Deploy.0 = Debug|x86
		{0FA43DEE-EF76-422C-9F65-EF1E254BCFA0}.Release|Any CPU.ActiveCfg = Release|Any CPU
		{0FA43DEE-EF76-422C-9F65-EF1E254BCFA0}.Release|Any CPU.Build.0 = Release|Any CPU
		{0FA43DEE-EF76-422C-9F65-EF1E254BCFA0}.Release|Any CPU.Deploy.0 = Release|Any CPU
		{0FA43DEE-EF76-422C-9F65-EF1E254BCFA0}.Release|ARM.ActiveCfg = Release|ARM
		{0FA43DEE-EF76-422C-9F65-EF1E254BCFA0}.Release|ARM.Build.0 = Release|ARM
		{0FA43DEE-EF76-422C-9F65-EF1E254BCFA0}.Release|ARM.Deploy.0 = Release|ARM
		{0FA43DEE-EF76-422C-9F65-EF1E254BCFA0}.Release|iPhone.ActiveCfg = Release|Any CPU
		{0FA43DEE-EF76-422C-9F65-EF1E254BCFA0}.Release|iPhone.Build.0 = Release|Any CPU
		{0FA43DEE-EF76-422C-9F65-EF1E254BCFA0}.Release|iPhone.Deploy.0 = Release|Any CPU
		{0FA43DEE-EF76-422C-9F65-EF1E254BCFA0}.Release|iPhoneSimulator.ActiveCfg = Release|Any CPU
		{0FA43DEE-EF76-422C-9F65-EF1E254BCFA0}.Release|iPhoneSimulator.Build.0 = Release|Any CPU
		{0FA43DEE-EF76-422C-9F65-EF1E254BCFA0}.Release|iPhoneSimulator.Deploy.0 = Release|Any CPU
		{0FA43DEE-EF76-422C-9F65-EF1E254BCFA0}.Release|x64.ActiveCfg = Release|Any CPU
		{0FA43DEE-EF76-422C-9F65-EF1E254BCFA0}.Release|x64.Build.0 = Release|Any CPU
		{0FA43DEE-EF76-422C-9F65-EF1E254BCFA0}.Release|x64.Deploy.0 = Release|Any CPU
		{0FA43DEE-EF76-422C-9F65-EF1E254BCFA0}.Release|x86.ActiveCfg = Release|x86
		{0FA43DEE-EF76-422C-9F65-EF1E254BCFA0}.Release|x86.Build.0 = Release|x86
		{0FA43DEE-EF76-422C-9F65-EF1E254BCFA0}.Release|x86.Deploy.0 = Release|x86
		{B70824AA-F611-43F9-93E5-64EAA8440A70}.Ad-Hoc|Any CPU.ActiveCfg = Release|x86
		{B70824AA-F611-43F9-93E5-64EAA8440A70}.Ad-Hoc|Any CPU.Build.0 = Release|x86
		{B70824AA-F611-43F9-93E5-64EAA8440A70}.Ad-Hoc|Any CPU.Deploy.0 = Release|x86
		{B70824AA-F611-43F9-93E5-64EAA8440A70}.Ad-Hoc|ARM.ActiveCfg = Release|ARM
		{B70824AA-F611-43F9-93E5-64EAA8440A70}.Ad-Hoc|ARM.Build.0 = Release|ARM
		{B70824AA-F611-43F9-93E5-64EAA8440A70}.Ad-Hoc|ARM.Deploy.0 = Release|ARM
		{B70824AA-F611-43F9-93E5-64EAA8440A70}.Ad-Hoc|iPhone.ActiveCfg = Release|x86
		{B70824AA-F611-43F9-93E5-64EAA8440A70}.Ad-Hoc|iPhone.Build.0 = Release|x86
		{B70824AA-F611-43F9-93E5-64EAA8440A70}.Ad-Hoc|iPhone.Deploy.0 = Release|x86
		{B70824AA-F611-43F9-93E5-64EAA8440A70}.Ad-Hoc|iPhoneSimulator.ActiveCfg = Release|x86
		{B70824AA-F611-43F9-93E5-64EAA8440A70}.Ad-Hoc|iPhoneSimulator.Build.0 = Release|x86
		{B70824AA-F611-43F9-93E5-64EAA8440A70}.Ad-Hoc|iPhoneSimulator.Deploy.0 = Release|x86
		{B70824AA-F611-43F9-93E5-64EAA8440A70}.Ad-Hoc|x64.ActiveCfg = Release|x64
		{B70824AA-F611-43F9-93E5-64EAA8440A70}.Ad-Hoc|x64.Build.0 = Release|x64
		{B70824AA-F611-43F9-93E5-64EAA8440A70}.Ad-Hoc|x64.Deploy.0 = Release|x64
		{B70824AA-F611-43F9-93E5-64EAA8440A70}.Ad-Hoc|x86.ActiveCfg = Release|x86
		{B70824AA-F611-43F9-93E5-64EAA8440A70}.Ad-Hoc|x86.Build.0 = Release|x86
		{B70824AA-F611-43F9-93E5-64EAA8440A70}.Ad-Hoc|x86.Deploy.0 = Release|x86
		{B70824AA-F611-43F9-93E5-64EAA8440A70}.AppStore|Any CPU.ActiveCfg = Release|x86
		{B70824AA-F611-43F9-93E5-64EAA8440A70}.AppStore|Any CPU.Build.0 = Release|x86
		{B70824AA-F611-43F9-93E5-64EAA8440A70}.AppStore|Any CPU.Deploy.0 = Release|x86
		{B70824AA-F611-43F9-93E5-64EAA8440A70}.AppStore|ARM.ActiveCfg = Release|ARM
		{B70824AA-F611-43F9-93E5-64EAA8440A70}.AppStore|ARM.Build.0 = Release|ARM
		{B70824AA-F611-43F9-93E5-64EAA8440A70}.AppStore|ARM.Deploy.0 = Release|ARM
		{B70824AA-F611-43F9-93E5-64EAA8440A70}.AppStore|iPhone.ActiveCfg = Release|x86
		{B70824AA-F611-43F9-93E5-64EAA8440A70}.AppStore|iPhone.Build.0 = Release|x86
		{B70824AA-F611-43F9-93E5-64EAA8440A70}.AppStore|iPhone.Deploy.0 = Release|x86
		{B70824AA-F611-43F9-93E5-64EAA8440A70}.AppStore|iPhoneSimulator.ActiveCfg = Release|x86
		{B70824AA-F611-43F9-93E5-64EAA8440A70}.AppStore|iPhoneSimulator.Build.0 = Release|x86
		{B70824AA-F611-43F9-93E5-64EAA8440A70}.AppStore|iPhoneSimulator.Deploy.0 = Release|x86
		{B70824AA-F611-43F9-93E5-64EAA8440A70}.AppStore|x64.ActiveCfg = Release|x64
		{B70824AA-F611-43F9-93E5-64EAA8440A70}.AppStore|x64.Build.0 = Release|x64
		{B70824AA-F611-43F9-93E5-64EAA8440A70}.AppStore|x64.Deploy.0 = Release|x64
		{B70824AA-F611-43F9-93E5-64EAA8440A70}.AppStore|x86.ActiveCfg = Release|x86
		{B70824AA-F611-43F9-93E5-64EAA8440A70}.AppStore|x86.Build.0 = Release|x86
		{B70824AA-F611-43F9-93E5-64EAA8440A70}.AppStore|x86.Deploy.0 = Release|x86
		{B70824AA-F611-43F9-93E5-64EAA8440A70}.Debug|Any CPU.ActiveCfg = Debug|x86
		{B70824AA-F611-43F9-93E5-64EAA8440A70}.Debug|ARM.ActiveCfg = Debug|ARM
		{B70824AA-F611-43F9-93E5-64EAA8440A70}.Debug|ARM.Build.0 = Debug|ARM
		{B70824AA-F611-43F9-93E5-64EAA8440A70}.Debug|ARM.Deploy.0 = Debug|ARM
		{B70824AA-F611-43F9-93E5-64EAA8440A70}.Debug|iPhone.ActiveCfg = Debug|x86
		{B70824AA-F611-43F9-93E5-64EAA8440A70}.Debug|iPhoneSimulator.ActiveCfg = Debug|x86
		{B70824AA-F611-43F9-93E5-64EAA8440A70}.Debug|x64.ActiveCfg = Debug|x64
		{B70824AA-F611-43F9-93E5-64EAA8440A70}.Debug|x64.Build.0 = Debug|x64
		{B70824AA-F611-43F9-93E5-64EAA8440A70}.Debug|x64.Deploy.0 = Debug|x64
		{B70824AA-F611-43F9-93E5-64EAA8440A70}.Debug|x86.ActiveCfg = Debug|x86
		{B70824AA-F611-43F9-93E5-64EAA8440A70}.Debug|x86.Build.0 = Debug|x86
		{B70824AA-F611-43F9-93E5-64EAA8440A70}.Debug|x86.Deploy.0 = Debug|x86
		{B70824AA-F611-43F9-93E5-64EAA8440A70}.Release|Any CPU.ActiveCfg = Release|x86
		{B70824AA-F611-43F9-93E5-64EAA8440A70}.Release|ARM.ActiveCfg = Release|ARM
		{B70824AA-F611-43F9-93E5-64EAA8440A70}.Release|ARM.Build.0 = Release|ARM
		{B70824AA-F611-43F9-93E5-64EAA8440A70}.Release|ARM.Deploy.0 = Release|ARM
		{B70824AA-F611-43F9-93E5-64EAA8440A70}.Release|iPhone.ActiveCfg = Release|x86
		{B70824AA-F611-43F9-93E5-64EAA8440A70}.Release|iPhoneSimulator.ActiveCfg = Release|x86
		{B70824AA-F611-43F9-93E5-64EAA8440A70}.Release|x64.ActiveCfg = Release|x64
		{B70824AA-F611-43F9-93E5-64EAA8440A70}.Release|x64.Build.0 = Release|x64
		{B70824AA-F611-43F9-93E5-64EAA8440A70}.Release|x64.Deploy.0 = Release|x64
		{B70824AA-F611-43F9-93E5-64EAA8440A70}.Release|x86.ActiveCfg = Release|x86
		{B70824AA-F611-43F9-93E5-64EAA8440A70}.Release|x86.Build.0 = Release|x86
		{B70824AA-F611-43F9-93E5-64EAA8440A70}.Release|x86.Deploy.0 = Release|x86
		{111CF970-0029-46FA-B2F6-55762400B9A5}.Ad-Hoc|Any CPU.ActiveCfg = Release|Any CPU
		{111CF970-0029-46FA-B2F6-55762400B9A5}.Ad-Hoc|Any CPU.Build.0 = Release|Any CPU
		{111CF970-0029-46FA-B2F6-55762400B9A5}.Ad-Hoc|Any CPU.Deploy.0 = Release|Any CPU
		{111CF970-0029-46FA-B2F6-55762400B9A5}.Ad-Hoc|ARM.ActiveCfg = Release|ARM
		{111CF970-0029-46FA-B2F6-55762400B9A5}.Ad-Hoc|ARM.Build.0 = Release|ARM
		{111CF970-0029-46FA-B2F6-55762400B9A5}.Ad-Hoc|ARM.Deploy.0 = Release|ARM
		{111CF970-0029-46FA-B2F6-55762400B9A5}.Ad-Hoc|iPhone.ActiveCfg = Release|Any CPU
		{111CF970-0029-46FA-B2F6-55762400B9A5}.Ad-Hoc|iPhone.Build.0 = Release|Any CPU
		{111CF970-0029-46FA-B2F6-55762400B9A5}.Ad-Hoc|iPhone.Deploy.0 = Release|Any CPU
		{111CF970-0029-46FA-B2F6-55762400B9A5}.Ad-Hoc|iPhoneSimulator.ActiveCfg = Release|Any CPU
		{111CF970-0029-46FA-B2F6-55762400B9A5}.Ad-Hoc|iPhoneSimulator.Build.0 = Release|Any CPU
		{111CF970-0029-46FA-B2F6-55762400B9A5}.Ad-Hoc|iPhoneSimulator.Deploy.0 = Release|Any CPU
		{111CF970-0029-46FA-B2F6-55762400B9A5}.Ad-Hoc|x64.ActiveCfg = Release|x64
		{111CF970-0029-46FA-B2F6-55762400B9A5}.Ad-Hoc|x64.Build.0 = Release|x64
		{111CF970-0029-46FA-B2F6-55762400B9A5}.Ad-Hoc|x64.Deploy.0 = Release|x64
		{111CF970-0029-46FA-B2F6-55762400B9A5}.Ad-Hoc|x86.ActiveCfg = Release|x86
		{111CF970-0029-46FA-B2F6-55762400B9A5}.Ad-Hoc|x86.Build.0 = Release|x86
		{111CF970-0029-46FA-B2F6-55762400B9A5}.Ad-Hoc|x86.Deploy.0 = Release|x86
		{111CF970-0029-46FA-B2F6-55762400B9A5}.AppStore|Any CPU.ActiveCfg = Release|Any CPU
		{111CF970-0029-46FA-B2F6-55762400B9A5}.AppStore|Any CPU.Build.0 = Release|Any CPU
		{111CF970-0029-46FA-B2F6-55762400B9A5}.AppStore|Any CPU.Deploy.0 = Release|Any CPU
		{111CF970-0029-46FA-B2F6-55762400B9A5}.AppStore|ARM.ActiveCfg = Release|ARM
		{111CF970-0029-46FA-B2F6-55762400B9A5}.AppStore|ARM.Build.0 = Release|ARM
		{111CF970-0029-46FA-B2F6-55762400B9A5}.AppStore|ARM.Deploy.0 = Release|ARM
		{111CF970-0029-46FA-B2F6-55762400B9A5}.AppStore|iPhone.ActiveCfg = Release|Any CPU
		{111CF970-0029-46FA-B2F6-55762400B9A5}.AppStore|iPhone.Build.0 = Release|Any CPU
		{111CF970-0029-46FA-B2F6-55762400B9A5}.AppStore|iPhone.Deploy.0 = Release|Any CPU
		{111CF970-0029-46FA-B2F6-55762400B9A5}.AppStore|iPhoneSimulator.ActiveCfg = Release|Any CPU
		{111CF970-0029-46FA-B2F6-55762400B9A5}.AppStore|iPhoneSimulator.Build.0 = Release|Any CPU
		{111CF970-0029-46FA-B2F6-55762400B9A5}.AppStore|iPhoneSimulator.Deploy.0 = Release|Any CPU
		{111CF970-0029-46FA-B2F6-55762400B9A5}.AppStore|x64.ActiveCfg = Release|x64
		{111CF970-0029-46FA-B2F6-55762400B9A5}.AppStore|x64.Build.0 = Release|x64
		{111CF970-0029-46FA-B2F6-55762400B9A5}.AppStore|x64.Deploy.0 = Release|x64
		{111CF970-0029-46FA-B2F6-55762400B9A5}.AppStore|x86.ActiveCfg = Release|x86
		{111CF970-0029-46FA-B2F6-55762400B9A5}.AppStore|x86.Build.0 = Release|x86
		{111CF970-0029-46FA-B2F6-55762400B9A5}.AppStore|x86.Deploy.0 = Release|x86
		{111CF970-0029-46FA-B2F6-55762400B9A5}.Debug|Any CPU.ActiveCfg = Debug|Any CPU
		{111CF970-0029-46FA-B2F6-55762400B9A5}.Debug|Any CPU.Build.0 = Debug|Any CPU
		{111CF970-0029-46FA-B2F6-55762400B9A5}.Debug|Any CPU.Deploy.0 = Debug|Any CPU
		{111CF970-0029-46FA-B2F6-55762400B9A5}.Debug|ARM.ActiveCfg = Debug|ARM
		{111CF970-0029-46FA-B2F6-55762400B9A5}.Debug|ARM.Build.0 = Debug|ARM
		{111CF970-0029-46FA-B2F6-55762400B9A5}.Debug|ARM.Deploy.0 = Debug|ARM
		{111CF970-0029-46FA-B2F6-55762400B9A5}.Debug|iPhone.ActiveCfg = Debug|Any CPU
		{111CF970-0029-46FA-B2F6-55762400B9A5}.Debug|iPhone.Build.0 = Debug|Any CPU
		{111CF970-0029-46FA-B2F6-55762400B9A5}.Debug|iPhone.Deploy.0 = Debug|Any CPU
		{111CF970-0029-46FA-B2F6-55762400B9A5}.Debug|iPhoneSimulator.ActiveCfg = Debug|Any CPU
		{111CF970-0029-46FA-B2F6-55762400B9A5}.Debug|iPhoneSimulator.Build.0 = Debug|Any CPU
		{111CF970-0029-46FA-B2F6-55762400B9A5}.Debug|iPhoneSimulator.Deploy.0 = Debug|Any CPU
		{111CF970-0029-46FA-B2F6-55762400B9A5}.Debug|x64.ActiveCfg = Debug|x64
		{111CF970-0029-46FA-B2F6-55762400B9A5}.Debug|x64.Build.0 = Debug|x64
		{111CF970-0029-46FA-B2F6-55762400B9A5}.Debug|x64.Deploy.0 = Debug|x64
		{111CF970-0029-46FA-B2F6-55762400B9A5}.Debug|x86.ActiveCfg = Debug|x86
		{111CF970-0029-46FA-B2F6-55762400B9A5}.Debug|x86.Build.0 = Debug|x86
		{111CF970-0029-46FA-B2F6-55762400B9A5}.Debug|x86.Deploy.0 = Debug|x86
		{111CF970-0029-46FA-B2F6-55762400B9A5}.Release|Any CPU.ActiveCfg = Release|Any CPU
		{111CF970-0029-46FA-B2F6-55762400B9A5}.Release|Any CPU.Build.0 = Release|Any CPU
		{111CF970-0029-46FA-B2F6-55762400B9A5}.Release|Any CPU.Deploy.0 = Release|Any CPU
		{111CF970-0029-46FA-B2F6-55762400B9A5}.Release|ARM.ActiveCfg = Release|ARM
		{111CF970-0029-46FA-B2F6-55762400B9A5}.Release|ARM.Build.0 = Release|ARM
		{111CF970-0029-46FA-B2F6-55762400B9A5}.Release|ARM.Deploy.0 = Release|ARM
		{111CF970-0029-46FA-B2F6-55762400B9A5}.Release|iPhone.ActiveCfg = Release|Any CPU
		{111CF970-0029-46FA-B2F6-55762400B9A5}.Release|iPhone.Build.0 = Release|Any CPU
		{111CF970-0029-46FA-B2F6-55762400B9A5}.Release|iPhone.Deploy.0 = Release|Any CPU
		{111CF970-0029-46FA-B2F6-55762400B9A5}.Release|iPhoneSimulator.ActiveCfg = Release|Any CPU
		{111CF970-0029-46FA-B2F6-55762400B9A5}.Release|iPhoneSimulator.Build.0 = Release|Any CPU
		{111CF970-0029-46FA-B2F6-55762400B9A5}.Release|iPhoneSimulator.Deploy.0 = Release|Any CPU
		{111CF970-0029-46FA-B2F6-55762400B9A5}.Release|x64.ActiveCfg = Release|x64
		{111CF970-0029-46FA-B2F6-55762400B9A5}.Release|x64.Build.0 = Release|x64
		{111CF970-0029-46FA-B2F6-55762400B9A5}.Release|x64.Deploy.0 = Release|x64
		{111CF970-0029-46FA-B2F6-55762400B9A5}.Release|x86.ActiveCfg = Release|x86
		{111CF970-0029-46FA-B2F6-55762400B9A5}.Release|x86.Build.0 = Release|x86
		{111CF970-0029-46FA-B2F6-55762400B9A5}.Release|x86.Deploy.0 = Release|x86
		{5D86895E-0BC2-40E7-9906-5898CB8F05FC}.Ad-Hoc|Any CPU.ActiveCfg = Release|Any CPU
		{5D86895E-0BC2-40E7-9906-5898CB8F05FC}.Ad-Hoc|Any CPU.Build.0 = Release|Any CPU
		{5D86895E-0BC2-40E7-9906-5898CB8F05FC}.Ad-Hoc|ARM.ActiveCfg = Release|Any CPU
		{5D86895E-0BC2-40E7-9906-5898CB8F05FC}.Ad-Hoc|ARM.Build.0 = Release|Any CPU
		{5D86895E-0BC2-40E7-9906-5898CB8F05FC}.Ad-Hoc|iPhone.ActiveCfg = Release|Any CPU
		{5D86895E-0BC2-40E7-9906-5898CB8F05FC}.Ad-Hoc|iPhone.Build.0 = Release|Any CPU
		{5D86895E-0BC2-40E7-9906-5898CB8F05FC}.Ad-Hoc|iPhoneSimulator.ActiveCfg = Release|Any CPU
		{5D86895E-0BC2-40E7-9906-5898CB8F05FC}.Ad-Hoc|iPhoneSimulator.Build.0 = Release|Any CPU
		{5D86895E-0BC2-40E7-9906-5898CB8F05FC}.Ad-Hoc|x64.ActiveCfg = Release|Any CPU
		{5D86895E-0BC2-40E7-9906-5898CB8F05FC}.Ad-Hoc|x64.Build.0 = Release|Any CPU
		{5D86895E-0BC2-40E7-9906-5898CB8F05FC}.Ad-Hoc|x86.ActiveCfg = Release|Any CPU
		{5D86895E-0BC2-40E7-9906-5898CB8F05FC}.Ad-Hoc|x86.Build.0 = Release|Any CPU
		{5D86895E-0BC2-40E7-9906-5898CB8F05FC}.AppStore|Any CPU.ActiveCfg = Release|Any CPU
		{5D86895E-0BC2-40E7-9906-5898CB8F05FC}.AppStore|Any CPU.Build.0 = Release|Any CPU
		{5D86895E-0BC2-40E7-9906-5898CB8F05FC}.AppStore|ARM.ActiveCfg = Release|Any CPU
		{5D86895E-0BC2-40E7-9906-5898CB8F05FC}.AppStore|ARM.Build.0 = Release|Any CPU
		{5D86895E-0BC2-40E7-9906-5898CB8F05FC}.AppStore|iPhone.ActiveCfg = Release|Any CPU
		{5D86895E-0BC2-40E7-9906-5898CB8F05FC}.AppStore|iPhone.Build.0 = Release|Any CPU
		{5D86895E-0BC2-40E7-9906-5898CB8F05FC}.AppStore|iPhoneSimulator.ActiveCfg = Release|Any CPU
		{5D86895E-0BC2-40E7-9906-5898CB8F05FC}.AppStore|iPhoneSimulator.Build.0 = Release|Any CPU
		{5D86895E-0BC2-40E7-9906-5898CB8F05FC}.AppStore|x64.ActiveCfg = Release|Any CPU
		{5D86895E-0BC2-40E7-9906-5898CB8F05FC}.AppStore|x64.Build.0 = Release|Any CPU
		{5D86895E-0BC2-40E7-9906-5898CB8F05FC}.AppStore|x86.ActiveCfg = Release|Any CPU
		{5D86895E-0BC2-40E7-9906-5898CB8F05FC}.AppStore|x86.Build.0 = Release|Any CPU
		{5D86895E-0BC2-40E7-9906-5898CB8F05FC}.Debug|Any CPU.ActiveCfg = Debug|Any CPU
		{5D86895E-0BC2-40E7-9906-5898CB8F05FC}.Debug|Any CPU.Build.0 = Debug|Any CPU
		{5D86895E-0BC2-40E7-9906-5898CB8F05FC}.Debug|ARM.ActiveCfg = Debug|Any CPU
		{5D86895E-0BC2-40E7-9906-5898CB8F05FC}.Debug|ARM.Build.0 = Debug|Any CPU
		{5D86895E-0BC2-40E7-9906-5898CB8F05FC}.Debug|iPhone.ActiveCfg = Debug|Any CPU
		{5D86895E-0BC2-40E7-9906-5898CB8F05FC}.Debug|iPhone.Build.0 = Debug|Any CPU
		{5D86895E-0BC2-40E7-9906-5898CB8F05FC}.Debug|iPhoneSimulator.ActiveCfg = Debug|Any CPU
		{5D86895E-0BC2-40E7-9906-5898CB8F05FC}.Debug|iPhoneSimulator.Build.0 = Debug|Any CPU
		{5D86895E-0BC2-40E7-9906-5898CB8F05FC}.Debug|x64.ActiveCfg = Debug|Any CPU
		{5D86895E-0BC2-40E7-9906-5898CB8F05FC}.Debug|x64.Build.0 = Debug|Any CPU
		{5D86895E-0BC2-40E7-9906-5898CB8F05FC}.Debug|x86.ActiveCfg = Debug|Any CPU
		{5D86895E-0BC2-40E7-9906-5898CB8F05FC}.Debug|x86.Build.0 = Debug|Any CPU
		{5D86895E-0BC2-40E7-9906-5898CB8F05FC}.Release|Any CPU.ActiveCfg = Release|Any CPU
		{5D86895E-0BC2-40E7-9906-5898CB8F05FC}.Release|Any CPU.Build.0 = Release|Any CPU
		{5D86895E-0BC2-40E7-9906-5898CB8F05FC}.Release|ARM.ActiveCfg = Release|Any CPU
		{5D86895E-0BC2-40E7-9906-5898CB8F05FC}.Release|ARM.Build.0 = Release|Any CPU
		{5D86895E-0BC2-40E7-9906-5898CB8F05FC}.Release|iPhone.ActiveCfg = Release|Any CPU
		{5D86895E-0BC2-40E7-9906-5898CB8F05FC}.Release|iPhone.Build.0 = Release|Any CPU
		{5D86895E-0BC2-40E7-9906-5898CB8F05FC}.Release|iPhoneSimulator.ActiveCfg = Release|Any CPU
		{5D86895E-0BC2-40E7-9906-5898CB8F05FC}.Release|iPhoneSimulator.Build.0 = Release|Any CPU
		{5D86895E-0BC2-40E7-9906-5898CB8F05FC}.Release|x64.ActiveCfg = Release|Any CPU
		{5D86895E-0BC2-40E7-9906-5898CB8F05FC}.Release|x64.Build.0 = Release|Any CPU
		{5D86895E-0BC2-40E7-9906-5898CB8F05FC}.Release|x86.ActiveCfg = Release|Any CPU
		{5D86895E-0BC2-40E7-9906-5898CB8F05FC}.Release|x86.Build.0 = Release|Any CPU
	EndGlobalSection
	GlobalSection(SolutionProperties) = preSolution
		HideSolutionNode = FALSE
	EndGlobalSection
EndGlobal
